{
  "nodes": {
    "cottand": {
      "inputs": {
        "nixpkgs-unstable": [
          "nixpkgs-unstable"
        ]
      },
      "locked": {
        "lastModified": 1701980766,
        "narHash": "sha256-bae6xSlzZ8PNsIrKqdLT1PdDte4lWvuqG9TkU7Ylu/M=",
        "owner": "cottand",
        "repo": "home-nix",
        "rev": "50effe2aa8febf2468580faabfd033d84d074c0c",
        "type": "github"
      },
      "original": {
        "owner": "cottand",
        "repo": "home-nix",
        "type": "github"
      }
    },
    "home-manager": {
      "inputs": {
        "nixpkgs": [
          "nixpkgs23-11"
        ]
      },
      "locked": {
        "lastModified": 1700814205,
        "narHash": "sha256-lWqDPKHRbQfi+zNIivf031BUeyciVOtwCwTjyrhDB5g=",
        "owner": "nix-community",
        "repo": "home-manager",
        "rev": "aeb2232d7a32530d3448318790534d196bf9427a",
        "type": "github"
      },
      "original": {
        "owner": "nix-community",
        "ref": "release-23.11",
        "repo": "home-manager",
        "type": "github"
      }
    },
    "nixos-hardware": {
      "locked": {
        "lastModified": 1701656485,
        "narHash": "sha256-xDFormrGCKKGqngHa2Bz1GTeKlFMMjLnHhTDRdMJ1hs=",
        "owner": "NixOS",
        "repo": "nixos-hardware",
        "rev": "fa194fc484fd7270ab324bb985593f71102e84d1",
        "type": "github"
      },
      "original": {
        "owner": "NixOS",
        "ref": "master",
        "repo": "nixos-hardware",
        "type": "github"
      }
    },
    "nixpkgs-unstable": {
      "locked": {
        "lastModified": 1701718080,
        "narHash": "sha256-6ovz0pG76dE0P170pmmZex1wWcQoeiomUZGggfH9XPs=",
        "owner": "NixOS",
        "repo": "nixpkgs",
        "rev": "2c7f3c0fb7c08a0814627611d9d7d45ab6d75335",
        "type": "github"
      },
      "original": {
        "owner": "NixOS",
        "ref": "nixos-unstable",
        "repo": "nixpkgs",
        "type": "github"
      }
    },
    "nixpkgs23-05-pinned": {
      "locked": {
        "lastModified": 1700989516,
        "narHash": "sha256-oKbmPa2wpTHh9XB3+zIx97uMZGNnp97GPliKKG2/plo=",
        "owner": "NixOS",
        "repo": "nixpkgs",
        "rev": "d2e4de209881b38392933fabf303cde3454b0b4c",
        "type": "github"
      },
      "original": {
        "owner": "NixOS",
        "repo": "nixpkgs",
        "rev": "d2e4de209881b38392933fabf303cde3454b0b4c",
        "type": "github"
      }
    },
    "nixpkgs23-11": {
      "locked": {
        "lastModified": 1701802827,
        "narHash": "sha256-wTn0lpV75Uv6tU6haEypNsmnJJPb0hpaMIy/4uf5AiQ=",
        "owner": "NixOS",
        "repo": "nixpkgs",
        "rev": "a804fc878d7ba1558b960b4c64b0903da426ac41",
        "type": "github"
      },
      "original": {
        "owner": "NixOS",
        "ref": "nixos-23.11",
        "repo": "nixpkgs",
        "type": "github"
      }
    },
    "root": {
      "inputs": {
        "cottand": "cottand",
        "home-manager": "home-manager",
        "nixos-hardware": "nixos-hardware",
        "nixpkgs-unstable": "nixpkgs-unstable",
        "nixpkgs23-05-pinned": "nixpkgs23-05-pinned",
        "nixpkgs23-11": "nixpkgs23-11"
      }
    }
  },
  "root": "root",
  "version": 7
}
